
Microsoft Visual Studio Solution File, Format Version 12.00
# Visual Studio Version 17
VisualStudioVersion = 17.1.31911.260
MinimumVisualStudioVersion = 10.0.40219.1
Project("{FAE04EC0-301F-11D3-BF4B-00C04F79EFBC}") = "FalcaPOS.Shell", "FalcaPOS\FalcaPOS.Shell.csproj", "{C3B09171-5C36-496C-A8E8-56B8E85EAC61}"
EndProject
Project("{2150E333-8FDC-42A3-9474-1A3956D46DE8}") = "Infrastructure", "Infrastructure", "{5BF8E7F4-7FA3-48E4-BA5B-656243573F90}"
EndProject
Project("{2150E333-8FDC-42A3-9474-1A3956D46DE8}") = "Modules", "Modules", "{42D0F37F-CFC3-4F54-B81D-1BB0C8C4A52E}"
EndProject
Project("{2150E333-8FDC-42A3-9474-1A3956D46DE8}") = "ServiceLibraries", "ServiceLibraries", "{93C71E15-E13A-4BE5-9715-4EE84EC0ED55}"
EndProject
Project("{FAE04EC0-301F-11D3-BF4B-00C04F79EFBC}") = "FalcaPOS.Login", "FalcaPOS.Login\FalcaPOS.Login.csproj", "{DC90155D-CBAB-4423-8C3A-D71D3636AEA0}"
EndProject
Project("{FAE04EC0-301F-11D3-BF4B-00C04F79EFBC}") = "FalcaPOS.Home", "FalcaPOS.Home\FalcaPOS.Home.csproj", "{AFA674BA-0F51-409B-B511-1093D1C512E3}"
EndProject
Project("{FAE04EC0-301F-11D3-BF4B-00C04F79EFBC}") = "FalcaPOS.Sales", "FalcaPOS.Sales\FalcaPOS.Sales.csproj", "{F9ADD2CC-1C8B-425B-80D9-A4BDB8B4E407}"
EndProject
Project("{FAE04EC0-301F-11D3-BF4B-00C04F79EFBC}") = "FalcaPOS.Stock", "FalcaPOS.Stock\FalcaPOS.Stock.csproj", "{BA8A4B5C-6487-4A30-9966-AA05B48993B6}"
EndProject
Project("{FAE04EC0-301F-11D3-BF4B-00C04F79EFBC}") = "FalcaPOS.Customer", "FalcaPOS.Customer\FalcaPOS.Customer.csproj", "{16D96C87-65B0-482F-BAC2-DDA3E7534D3F}"
EndProject
Project("{FAE04EC0-301F-11D3-BF4B-00C04F79EFBC}") = "FalcaPOS.Common", "FalcaPOS.Common\FalcaPOS.Common.csproj", "{BCF280DD-44B5-4F9D-BEE1-DF52551B01B9}"
EndProject
Project("{FAE04EC0-301F-11D3-BF4B-00C04F79EFBC}") = "FalcaPOS.Resources", "FalcaPOS.Resources\FalcaPOS.Resources.csproj", "{E5423070-5F75-4573-A329-CDC60C7DB169}"
EndProject
Project("{2150E333-8FDC-42A3-9474-1A3956D46DE8}") = "Shared", "Shared", "{273A419F-4379-4F84-8C24-B9A317E12636}"
EndProject
Project("{FAE04EC0-301F-11D3-BF4B-00C04F79EFBC}") = "FalcaPOS.Contracts", "FalcaPOS.Contracts\FalcaPOS.Contracts.csproj", "{F713068B-A872-4B23-9F96-853BB891AF5B}"
EndProject
Project("{FAE04EC0-301F-11D3-BF4B-00C04F79EFBC}") = "FalcaPOS.Entites", "FalcaPOS.Entites\FalcaPOS.Entites.csproj", "{1BA75442-F3C1-41B5-A933-190406C2D7AF}"
EndProject
Project("{FAE04EC0-301F-11D3-BF4B-00C04F79EFBC}") = "FalcaPOS.ServiceLibrary.Login", "FalcaPOS.ServiceLibrary.Login\FalcaPOS.ServiceLibrary.Login.csproj", "{D3884538-0DAB-49DA-8229-A6B6323FDADC}"
EndProject
Project("{FAE04EC0-301F-11D3-BF4B-00C04F79EFBC}") = "FalcaPOS.AddInventory", "FalcaPOS.AddInventory\FalcaPOS.AddInventory.csproj", "{31F7006D-C741-48D4-B496-AC6D015A9552}"
EndProject
Project("{FAE04EC0-301F-11D3-BF4B-00C04F79EFBC}") = "FalcaPOS.ServiceLibrary.AddInventory", "FalcaPOS.ServiceLibrary.AddInventory\FalcaPOS.ServiceLibrary.AddInventory.csproj", "{CEE7B4D7-6126-4F6F-BE40-A06C881CDDF7}"
EndProject
Project("{FAE04EC0-301F-11D3-BF4B-00C04F79EFBC}") = "FalcaPOS.ServiceLibrary.Sales", "FalcaPOS.ServiceLibrary.Sales\FalcaPOS.ServiceLibrary.Sales.csproj", "{605E8937-36F4-4F05-9FC7-030AE98AF88B}"
EndProject
Project("{FAE04EC0-301F-11D3-BF4B-00C04F79EFBC}") = "FalcaPOS.ServiceLibrary.Customer", "FalcaPOS.ServiceLibrary.Customer\FalcaPOS.ServiceLibrary.Customer.csproj", "{3076F885-CDCE-4D23-BD24-0D82FF63D37B}"
EndProject
Project("{FAE04EC0-301F-11D3-BF4B-00C04F79EFBC}") = "FalcaPOS.ServiceLibrary.Stock", "FalcaPOS.ServiceLibrary.Stock\FalcaPOS.ServiceLibrary.Stock.csproj", "{BE80CC66-3D2B-41AA-9181-967109D0C8BF}"
EndProject
Project("{FAE04EC0-301F-11D3-BF4B-00C04F79EFBC}") = "FalcaPOS.Team", "FalcaPOS.Team\FalcaPOS.Team.csproj", "{8E77130F-933D-4ACB-BE9F-AB72BBCEF024}"
EndProject
Project("{FAE04EC0-301F-11D3-BF4B-00C04F79EFBC}") = "FalcaPOS.Store", "FalcaPOS.Store\FalcaPOS.Store.csproj", "{65B24EA2-8F03-4BD9-85D8-52DAC4155126}"
EndProject
Project("{FAE04EC0-301F-11D3-BF4B-00C04F79EFBC}") = "FalcaPOS.ServiceLibrary.Team", "FalcaPOS.ServiceLibrary.Team\FalcaPOS.ServiceLibrary.Team.csproj", "{F1C1E853-7F6E-4568-92C1-2DD203E8BA1D}"
EndProject
Project("{FAE04EC0-301F-11D3-BF4B-00C04F79EFBC}") = "FalcaPOS.ServiceLibrary.Common", "FalcaPOS.ServiceLibrary.Common\FalcaPOS.ServiceLibrary.Common.csproj", "{2A0C9667-87CB-4E49-AB24-CFDEEC9902D3}"
EndProject
Project("{FAE04EC0-301F-11D3-BF4B-00C04F79EFBC}") = "FalcaPOS.Dashboard", "FalcaPOS.Dashboard\FalcaPOS.Dashboard.csproj", "{D3506DD3-E0E2-4757-A826-E84F0C3F0EB3}"
EndProject
Project("{FAE04EC0-301F-11D3-BF4B-00C04F79EFBC}") = "FalcaPOS.Finance", "FalcaPOS.Finance\FalcaPOS.Finance.csproj", "{808115A6-47C7-42BA-B69A-31E67BB82B36}"
EndProject
Project("{FAE04EC0-301F-11D3-BF4B-00C04F79EFBC}") = "FalcaPOS.ServiceLibrary.Finance", "FalcaPOS.ServiceLibrary.Finance\FalcaPOS.ServiceLibrary.Finance.csproj", "{D0F1982F-A77D-4675-B935-D0D6D50820CF}"
EndProject
Project("{FAE04EC0-301F-11D3-BF4B-00C04F79EFBC}") = "FalcaPOS.Indent", "FalcaPOS.Indent\FalcaPOS.Indent.csproj", "{CAD6C859-8F5B-447F-92E3-9B8293C24CDE}"
EndProject
Project("{FAE04EC0-301F-11D3-BF4B-00C04F79EFBC}") = "FalcaPOS.ServiceLibrary.Indent", "FalcaPOS.ServiceLibrary.Indent\FalcaPOS.ServiceLibrary.Indent.csproj", "{3C6CF43A-658A-410A-9505-B5B25D194A48}"
EndProject
Project("{FAE04EC0-301F-11D3-BF4B-00C04F79EFBC}") = "FalcaPOS.Invoice", "FalcaPOS.Invoice\FalcaPOS.Invoice.csproj", "{36B9B3B3-B3D2-4436-A77D-ED67C6E39B91}"
EndProject
Project("{FAE04EC0-301F-11D3-BF4B-00C04F79EFBC}") = "FalcaPOS.ServiceLibrary.PurchaseInvoice", "FalcaPOS.ServiceLibrary.PurchaseInvoice\FalcaPOS.ServiceLibrary.PurchaseInvoice.csproj", "{26C78A4B-9042-45E8-B561-61E159579D15}"
EndProject
Project("{FAE04EC0-301F-11D3-BF4B-00C04F79EFBC}") = "FalcaPOS.Sku", "FalcaPOS.Sku\FalcaPOS.Sku.csproj", "{D87268D1-F581-43A0-920A-2EA4B56DC617}"
EndProject
Project("{FAE04EC0-301F-11D3-BF4B-00C04F79EFBC}") = "FalcaPOS.ServiceLibrary.Sku", "FalcaPOS.ServiceLibrary.Sku\FalcaPOS.ServiceLibrary.Sku.csproj", "{F5030492-9746-4D59-A8A4-48F0191461D1}"
EndProject
Project("{FAE04EC0-301F-11D3-BF4B-00C04F79EFBC}") = "FalcaPOS.Director", "FalcaPOS.Director\FalcaPOS.Director.csproj", "{674B35B1-9B76-4AF3-BB8A-01B9D7235B84}"
EndProject
Project("{FAE04EC0-301F-11D3-BF4B-00C04F79EFBC}") = "FalcaPOS.ServiceLibrary.Director", "FalcaPOS.ServiceLibrary.Director\FalcaPOS.ServiceLibrary.Director.csproj", "{8E6C2F9F-B54A-4B3B-97BE-032C92199073}"
EndProject
Project("{FAE04EC0-301F-11D3-BF4B-00C04F79EFBC}") = "FalcaPOS.PurchaseManager", "FalcaPos.PurchaseManager\FalcaPOS.PurchaseManager.csproj", "{E72DC186-4B79-498D-941C-47FE70EA9B16}"
EndProject
Project("{FAE04EC0-301F-11D3-BF4B-00C04F79EFBC}") = "FalcaPOS.ServiceLibrary.PurchaseManager", "FalcaPOS.ServiceLibrary.PurchaseManager\FalcaPOS.ServiceLibrary.PurchaseManager.csproj", "{E7EDA797-77F2-46F3-BB04-1D8CFD1B0DCF}"
EndProject
Project("{FAE04EC0-301F-11D3-BF4B-00C04F79EFBC}") = "FalcaPOS.ExpiryProducts", "FalcaPOS.ExpiryProducts\FalcaPOS.ExpiryProducts.csproj", "{39CF8452-4077-4227-8C42-77EBE284C77B}"
EndProject
Project("{FAE04EC0-301F-11D3-BF4B-00C04F79EFBC}") = "FalcaPOS.ServiceLibrary.ExpiryProducts", "FalcaPOS.ServiceLibrary.ExpiryProducts\FalcaPOS.ServiceLibrary.ExpiryProducts.csproj", "{B0C7438E-C298-49B2-A247-1DB59EF08984}"
EndProject
Project("{FAE04EC0-301F-11D3-BF4B-00C04F79EFBC}") = "FalcaPOS.Denomination", "FalcaPOS.Denomination\FalcaPOS.Denomination.csproj", "{AAD3EA57-52BD-44DD-B2CB-E6B8855A4D15}"
EndProject
Project("{FAE04EC0-301F-11D3-BF4B-00C04F79EFBC}") = "FalcaPOS.ServiceLibrary.Denomination", "FalcaPOS.ServiceLibrary.Denomination\FalcaPOS.ServiceLibrary.Denomination.csproj", "{36216ED9-9429-4C05-8155-7CC2B77E43BB}"
EndProject
Project("{FAE04EC0-301F-11D3-BF4B-00C04F79EFBC}") = "FalcaPOS.Suppliers", "FalcaPOS.Suppliers\FalcaPOS.Suppliers.csproj", "{882A8766-6C25-460A-9FA7-127F89C19CEF}"
EndProject
Project("{FAE04EC0-301F-11D3-BF4B-00C04F79EFBC}") = "FalcaPOS.StockAge", "FalcaPOS.StockAge\FalcaPOS.StockAge.csproj", "{16744694-9510-4A4B-833B-8AFC2370133D}"
EndProject
Project("{FAE04EC0-301F-11D3-BF4B-00C04F79EFBC}") = "FalcaPOS.ServiceLibrary.StockAge", "FalcaPOS.ServiceLibrary.StockAge\FalcaPOS.ServiceLibrary.StockAge.csproj", "{E9D2F803-B084-49A8-A88F-4B73707B9561}"
EndProject
Project("{FAE04EC0-301F-11D3-BF4B-00C04F79EFBC}") = "FalcaPOS.PurchaseReturns", "FalcaPOS.PurchaseReturns\FalcaPOS.PurchaseReturns.csproj", "{69EC61CA-2B22-4C45-9DB5-DFD936329CC7}"
EndProject
Project("{FAE04EC0-301F-11D3-BF4B-00C04F79EFBC}") = "FalcaPOS.ServiceLibrary.PurchaseReturns", "FalcaPOS.ServiceLibrary.PurhcaseReturns\FalcaPOS.ServiceLibrary.PurchaseReturns.csproj", "{D69830DA-9587-422A-996C-D82475FF55E1}"
EndProject
Project("{FAE04EC0-301F-11D3-BF4B-00C04F79EFBC}") = "FalcaPOS.RSP", "FalcaPOS.RSP\FalcaPOS.RSP.csproj", "{D23A2750-A55E-46E6-BC1F-8E3EB24C34B3}"
EndProject
Project("{FAE04EC0-301F-11D3-BF4B-00C04F79EFBC}") = "FalcaPOS.ServiceLibrary.RSP", "FalcaPOS.ServiceLibrary.RSP\FalcaPOS.ServiceLibrary.RSP.csproj", "{6C078E1A-7C2F-4D54-B529-B073B312AFD1}"
EndProject
Project("{FAE04EC0-301F-11D3-BF4B-00C04F79EFBC}") = "FalcaPOS.Assert", "FalcaPOS.Assert\FalcaPOS.Assert.csproj", "{9D258EB6-E95A-4197-B4DC-B31CC92A77E6}"
EndProject
Project("{FAE04EC0-301F-11D3-BF4B-00C04F79EFBC}") = "FalcaPOS.ServiceLibrary.Assert", "FalcaPOS.ServiceLibrary.Assert\FalcaPOS.ServiceLibrary.Assert.csproj", "{9CFBA226-7A38-4387-8E67-09EDA142C421}"
EndProject
Project("{FAE04EC0-301F-11D3-BF4B-00C04F79EFBC}") = "FalcaPOS.ZoneTerritory", "FalcaPOS.ZoneTerritory\FalcaPOS.ZoneTerritory.csproj", "{495BBF06-7DE9-4FE8-BDA4-91F2D4B6AC23}"
EndProject
Project("{FAE04EC0-301F-11D3-BF4B-00C04F79EFBC}") = "FalcaPOS.ServiceLibrary.Zone", "FalcaPOS.ServiceLibrary.Zone\FalcaPOS.ServiceLibrary.Zone.csproj", "{AE9CCC9D-86F3-4A49-825F-464856E4B4D8}"
EndProject
Project("{FAE04EC0-301F-11D3-BF4B-00C04F79EFBC}") = "FalcaPOS.Reports", "FalcaPOS.Reports\FalcaPOS.Reports.csproj", "{82680952-22E9-43A7-A4AF-1E9A0FF2AA13}"
EndProject
Project("{FAE04EC0-301F-11D3-BF4B-00C04F79EFBC}") = "FalcaPOS.ServiceLibrary.Reports", "FalcaPOS.ServiceLibrary.Reports\FalcaPOS.ServiceLibrary.Reports.csproj", "{2D07530F-C260-4610-B5CD-51BB51D47F7C}"
EndProject
Global
	GlobalSection(SolutionConfigurationPlatforms) = preSolution
		Debug|Any CPU = Debug|Any CPU
		Debug|x64 = Debug|x64
		Release|Any CPU = Release|Any CPU
		Release|x64 = Release|x64
	EndGlobalSection
	GlobalSection(ProjectConfigurationPlatforms) = postSolution
		{C3B09171-5C36-496C-A8E8-56B8E85EAC61}.Debug|Any CPU.ActiveCfg = Debug|Any CPU
		{C3B09171-5C36-496C-A8E8-56B8E85EAC61}.Debug|Any CPU.Build.0 = Debug|Any CPU
		{C3B09171-5C36-496C-A8E8-56B8E85EAC61}.Debug|x64.ActiveCfg = Debug|Any CPU
		{C3B09171-5C36-496C-A8E8-56B8E85EAC61}.Debug|x64.Build.0 = Debug|Any CPU
		{C3B09171-5C36-496C-A8E8-56B8E85EAC61}.Release|Any CPU.ActiveCfg = Release|Any CPU
		{C3B09171-5C36-496C-A8E8-56B8E85EAC61}.Release|Any CPU.Build.0 = Release|Any CPU
		{C3B09171-5C36-496C-A8E8-56B8E85EAC61}.Release|x64.ActiveCfg = Release|Any CPU
		{C3B09171-5C36-496C-A8E8-56B8E85EAC61}.Release|x64.Build.0 = Release|Any CPU
		{DC90155D-CBAB-4423-8C3A-D71D3636AEA0}.Debug|Any CPU.ActiveCfg = Debug|Any CPU
		{DC90155D-CBAB-4423-8C3A-D71D3636AEA0}.Debug|Any CPU.Build.0 = Debug|Any CPU
		{DC90155D-CBAB-4423-8C3A-D71D3636AEA0}.Debug|x64.ActiveCfg = Debug|Any CPU
		{DC90155D-CBAB-4423-8C3A-D71D3636AEA0}.Debug|x64.Build.0 = Debug|Any CPU
		{DC90155D-CBAB-4423-8C3A-D71D3636AEA0}.Release|Any CPU.ActiveCfg = Release|Any CPU
		{DC90155D-CBAB-4423-8C3A-D71D3636AEA0}.Release|Any CPU.Build.0 = Release|Any CPU
		{DC90155D-CBAB-4423-8C3A-D71D3636AEA0}.Release|x64.ActiveCfg = Release|Any CPU
		{DC90155D-CBAB-4423-8C3A-D71D3636AEA0}.Release|x64.Build.0 = Release|Any CPU
		{AFA674BA-0F51-409B-B511-1093D1C512E3}.Debug|Any CPU.ActiveCfg = Debug|Any CPU
		{AFA674BA-0F51-409B-B511-1093D1C512E3}.Debug|Any CPU.Build.0 = Debug|Any CPU
		{AFA674BA-0F51-409B-B511-1093D1C512E3}.Debug|x64.ActiveCfg = Debug|Any CPU
		{AFA674BA-0F51-409B-B511-1093D1C512E3}.Debug|x64.Build.0 = Debug|Any CPU
		{AFA674BA-0F51-409B-B511-1093D1C512E3}.Release|Any CPU.ActiveCfg = Release|Any CPU
		{AFA674BA-0F51-409B-B511-1093D1C512E3}.Release|Any CPU.Build.0 = Release|Any CPU
		{AFA674BA-0F51-409B-B511-1093D1C512E3}.Release|x64.ActiveCfg = Release|Any CPU
		{AFA674BA-0F51-409B-B511-1093D1C512E3}.Release|x64.Build.0 = Release|Any CPU
		{F9ADD2CC-1C8B-425B-80D9-A4BDB8B4E407}.Debug|Any CPU.ActiveCfg = Debug|Any CPU
		{F9ADD2CC-1C8B-425B-80D9-A4BDB8B4E407}.Debug|Any CPU.Build.0 = Debug|Any CPU
		{F9ADD2CC-1C8B-425B-80D9-A4BDB8B4E407}.Debug|x64.ActiveCfg = Debug|Any CPU
		{F9ADD2CC-1C8B-425B-80D9-A4BDB8B4E407}.Debug|x64.Build.0 = Debug|Any CPU
		{F9ADD2CC-1C8B-425B-80D9-A4BDB8B4E407}.Release|Any CPU.ActiveCfg = Release|Any CPU
		{F9ADD2CC-1C8B-425B-80D9-A4BDB8B4E407}.Release|Any CPU.Build.0 = Release|Any CPU
		{F9ADD2CC-1C8B-425B-80D9-A4BDB8B4E407}.Release|x64.ActiveCfg = Release|Any CPU
		{F9ADD2CC-1C8B-425B-80D9-A4BDB8B4E407}.Release|x64.Build.0 = Release|Any CPU
		{BA8A4B5C-6487-4A30-9966-AA05B48993B6}.Debug|Any CPU.ActiveCfg = Debug|Any CPU
		{BA8A4B5C-6487-4A30-9966-AA05B48993B6}.Debug|Any CPU.Build.0 = Debug|Any CPU
		{BA8A4B5C-6487-4A30-9966-AA05B48993B6}.Debug|x64.ActiveCfg = Debug|Any CPU
		{BA8A4B5C-6487-4A30-9966-AA05B48993B6}.Debug|x64.Build.0 = Debug|Any CPU
		{BA8A4B5C-6487-4A30-9966-AA05B48993B6}.Release|Any CPU.ActiveCfg = Release|Any CPU
		{BA8A4B5C-6487-4A30-9966-AA05B48993B6}.Release|Any CPU.Build.0 = Release|Any CPU
		{BA8A4B5C-6487-4A30-9966-AA05B48993B6}.Release|x64.ActiveCfg = Release|Any CPU
		{BA8A4B5C-6487-4A30-9966-AA05B48993B6}.Release|x64.Build.0 = Release|Any CPU
		{16D96C87-65B0-482F-BAC2-DDA3E7534D3F}.Debug|Any CPU.ActiveCfg = Debug|Any CPU
		{16D96C87-65B0-482F-BAC2-DDA3E7534D3F}.Debug|Any CPU.Build.0 = Debug|Any CPU
		{16D96C87-65B0-482F-BAC2-DDA3E7534D3F}.Debug|x64.ActiveCfg = Debug|Any CPU
		{16D96C87-65B0-482F-BAC2-DDA3E7534D3F}.Debug|x64.Build.0 = Debug|Any CPU
		{16D96C87-65B0-482F-BAC2-DDA3E7534D3F}.Release|Any CPU.ActiveCfg = Release|Any CPU
		{16D96C87-65B0-482F-BAC2-DDA3E7534D3F}.Release|Any CPU.Build.0 = Release|Any CPU
		{16D96C87-65B0-482F-BAC2-DDA3E7534D3F}.Release|x64.ActiveCfg = Release|Any CPU
		{16D96C87-65B0-482F-BAC2-DDA3E7534D3F}.Release|x64.Build.0 = Release|Any CPU
		{BCF280DD-44B5-4F9D-BEE1-DF52551B01B9}.Debug|Any CPU.ActiveCfg = Debug|Any CPU
		{BCF280DD-44B5-4F9D-BEE1-DF52551B01B9}.Debug|Any CPU.Build.0 = Debug|Any CPU
		{BCF280DD-44B5-4F9D-BEE1-DF52551B01B9}.Debug|x64.ActiveCfg = Debug|Any CPU
		{BCF280DD-44B5-4F9D-BEE1-DF52551B01B9}.Debug|x64.Build.0 = Debug|Any CPU
		{BCF280DD-44B5-4F9D-BEE1-DF52551B01B9}.Release|Any CPU.ActiveCfg = Release|Any CPU
		{BCF280DD-44B5-4F9D-BEE1-DF52551B01B9}.Release|Any CPU.Build.0 = Release|Any CPU
		{BCF280DD-44B5-4F9D-BEE1-DF52551B01B9}.Release|x64.ActiveCfg = Release|Any CPU
		{BCF280DD-44B5-4F9D-BEE1-DF52551B01B9}.Release|x64.Build.0 = Release|Any CPU
		{E5423070-5F75-4573-A329-CDC60C7DB169}.Debug|Any CPU.ActiveCfg = Debug|Any CPU
		{E5423070-5F75-4573-A329-CDC60C7DB169}.Debug|Any CPU.Build.0 = Debug|Any CPU
		{E5423070-5F75-4573-A329-CDC60C7DB169}.Debug|x64.ActiveCfg = Debug|Any CPU
		{E5423070-5F75-4573-A329-CDC60C7DB169}.Debug|x64.Build.0 = Debug|Any CPU
		{E5423070-5F75-4573-A329-CDC60C7DB169}.Release|Any CPU.ActiveCfg = Release|Any CPU
		{E5423070-5F75-4573-A329-CDC60C7DB169}.Release|Any CPU.Build.0 = Release|Any CPU
		{E5423070-5F75-4573-A329-CDC60C7DB169}.Release|x64.ActiveCfg = Release|Any CPU
		{E5423070-5F75-4573-A329-CDC60C7DB169}.Release|x64.Build.0 = Release|Any CPU
		{F713068B-A872-4B23-9F96-853BB891AF5B}.Debug|Any CPU.ActiveCfg = Debug|Any CPU
		{F713068B-A872-4B23-9F96-853BB891AF5B}.Debug|Any CPU.Build.0 = Debug|Any CPU
		{F713068B-A872-4B23-9F96-853BB891AF5B}.Debug|x64.ActiveCfg = Debug|Any CPU
		{F713068B-A872-4B23-9F96-853BB891AF5B}.Debug|x64.Build.0 = Debug|Any CPU
		{F713068B-A872-4B23-9F96-853BB891AF5B}.Release|Any CPU.ActiveCfg = Release|Any CPU
		{F713068B-A872-4B23-9F96-853BB891AF5B}.Release|Any CPU.Build.0 = Release|Any CPU
		{F713068B-A872-4B23-9F96-853BB891AF5B}.Release|x64.ActiveCfg = Release|Any CPU
		{F713068B-A872-4B23-9F96-853BB891AF5B}.Release|x64.Build.0 = Release|Any CPU
		{1BA75442-F3C1-41B5-A933-190406C2D7AF}.Debug|Any CPU.ActiveCfg = Debug|Any CPU
		{1BA75442-F3C1-41B5-A933-190406C2D7AF}.Debug|Any CPU.Build.0 = Debug|Any CPU
		{1BA75442-F3C1-41B5-A933-190406C2D7AF}.Debug|x64.ActiveCfg = Debug|Any CPU
		{1BA75442-F3C1-41B5-A933-190406C2D7AF}.Debug|x64.Build.0 = Debug|Any CPU
		{1BA75442-F3C1-41B5-A933-190406C2D7AF}.Release|Any CPU.ActiveCfg = Release|Any CPU
		{1BA75442-F3C1-41B5-A933-190406C2D7AF}.Release|Any CPU.Build.0 = Release|Any CPU
		{1BA75442-F3C1-41B5-A933-190406C2D7AF}.Release|x64.ActiveCfg = Release|Any CPU
		{1BA75442-F3C1-41B5-A933-190406C2D7AF}.Release|x64.Build.0 = Release|Any CPU
		{D3884538-0DAB-49DA-8229-A6B6323FDADC}.Debug|Any CPU.ActiveCfg = Debug|Any CPU
		{D3884538-0DAB-49DA-8229-A6B6323FDADC}.Debug|Any CPU.Build.0 = Debug|Any CPU
		{D3884538-0DAB-49DA-8229-A6B6323FDADC}.Debug|x64.ActiveCfg = Debug|Any CPU
		{D3884538-0DAB-49DA-8229-A6B6323FDADC}.Debug|x64.Build.0 = Debug|Any CPU
		{D3884538-0DAB-49DA-8229-A6B6323FDADC}.Release|Any CPU.ActiveCfg = Release|Any CPU
		{D3884538-0DAB-49DA-8229-A6B6323FDADC}.Release|Any CPU.Build.0 = Release|Any CPU
		{D3884538-0DAB-49DA-8229-A6B6323FDADC}.Release|x64.ActiveCfg = Release|Any CPU
		{D3884538-0DAB-49DA-8229-A6B6323FDADC}.Release|x64.Build.0 = Release|Any CPU
		{31F7006D-C741-48D4-B496-AC6D015A9552}.Debug|Any CPU.ActiveCfg = Debug|Any CPU
		{31F7006D-C741-48D4-B496-AC6D015A9552}.Debug|Any CPU.Build.0 = Debug|Any CPU
		{31F7006D-C741-48D4-B496-AC6D015A9552}.Debug|x64.ActiveCfg = Debug|Any CPU
		{31F7006D-C741-48D4-B496-AC6D015A9552}.Debug|x64.Build.0 = Debug|Any CPU
		{31F7006D-C741-48D4-B496-AC6D015A9552}.Release|Any CPU.ActiveCfg = Release|Any CPU
		{31F7006D-C741-48D4-B496-AC6D015A9552}.Release|Any CPU.Build.0 = Release|Any CPU
		{31F7006D-C741-48D4-B496-AC6D015A9552}.Release|x64.ActiveCfg = Release|Any CPU
		{31F7006D-C741-48D4-B496-AC6D015A9552}.Release|x64.Build.0 = Release|Any CPU
		{CEE7B4D7-6126-4F6F-BE40-A06C881CDDF7}.Debug|Any CPU.ActiveCfg = Debug|Any CPU
		{CEE7B4D7-6126-4F6F-BE40-A06C881CDDF7}.Debug|Any CPU.Build.0 = Debug|Any CPU
		{CEE7B4D7-6126-4F6F-BE40-A06C881CDDF7}.Debug|x64.ActiveCfg = Debug|Any CPU
		{CEE7B4D7-6126-4F6F-BE40-A06C881CDDF7}.Debug|x64.Build.0 = Debug|Any CPU
		{CEE7B4D7-6126-4F6F-BE40-A06C881CDDF7}.Release|Any CPU.ActiveCfg = Release|Any CPU
		{CEE7B4D7-6126-4F6F-BE40-A06C881CDDF7}.Release|Any CPU.Build.0 = Release|Any CPU
		{CEE7B4D7-6126-4F6F-BE40-A06C881CDDF7}.Release|x64.ActiveCfg = Release|Any CPU
		{CEE7B4D7-6126-4F6F-BE40-A06C881CDDF7}.Release|x64.Build.0 = Release|Any CPU
		{605E8937-36F4-4F05-9FC7-030AE98AF88B}.Debug|Any CPU.ActiveCfg = Debug|Any CPU
		{605E8937-36F4-4F05-9FC7-030AE98AF88B}.Debug|Any CPU.Build.0 = Debug|Any CPU
		{605E8937-36F4-4F05-9FC7-030AE98AF88B}.Debug|x64.ActiveCfg = Debug|Any CPU
		{605E8937-36F4-4F05-9FC7-030AE98AF88B}.Debug|x64.Build.0 = Debug|Any CPU
		{605E8937-36F4-4F05-9FC7-030AE98AF88B}.Release|Any CPU.ActiveCfg = Release|Any CPU
		{605E8937-36F4-4F05-9FC7-030AE98AF88B}.Release|Any CPU.Build.0 = Release|Any CPU
		{605E8937-36F4-4F05-9FC7-030AE98AF88B}.Release|x64.ActiveCfg = Release|Any CPU
		{605E8937-36F4-4F05-9FC7-030AE98AF88B}.Release|x64.Build.0 = Release|Any CPU
		{3076F885-CDCE-4D23-BD24-0D82FF63D37B}.Debug|Any CPU.ActiveCfg = Debug|Any CPU
		{3076F885-CDCE-4D23-BD24-0D82FF63D37B}.Debug|Any CPU.Build.0 = Debug|Any CPU
		{3076F885-CDCE-4D23-BD24-0D82FF63D37B}.Debug|x64.ActiveCfg = Debug|Any CPU
		{3076F885-CDCE-4D23-BD24-0D82FF63D37B}.Debug|x64.Build.0 = Debug|Any CPU
		{3076F885-CDCE-4D23-BD24-0D82FF63D37B}.Release|Any CPU.ActiveCfg = Release|Any CPU
		{3076F885-CDCE-4D23-BD24-0D82FF63D37B}.Release|Any CPU.Build.0 = Release|Any CPU
		{3076F885-CDCE-4D23-BD24-0D82FF63D37B}.Release|x64.ActiveCfg = Release|Any CPU
		{3076F885-CDCE-4D23-BD24-0D82FF63D37B}.Release|x64.Build.0 = Release|Any CPU
		{BE80CC66-3D2B-41AA-9181-967109D0C8BF}.Debug|Any CPU.ActiveCfg = Debug|Any CPU
		{BE80CC66-3D2B-41AA-9181-967109D0C8BF}.Debug|Any CPU.Build.0 = Debug|Any CPU
		{BE80CC66-3D2B-41AA-9181-967109D0C8BF}.Debug|x64.ActiveCfg = Debug|Any CPU
		{BE80CC66-3D2B-41AA-9181-967109D0C8BF}.Debug|x64.Build.0 = Debug|Any CPU
		{BE80CC66-3D2B-41AA-9181-967109D0C8BF}.Release|Any CPU.ActiveCfg = Release|Any CPU
		{BE80CC66-3D2B-41AA-9181-967109D0C8BF}.Release|Any CPU.Build.0 = Release|Any CPU
		{BE80CC66-3D2B-41AA-9181-967109D0C8BF}.Release|x64.ActiveCfg = Release|Any CPU
		{BE80CC66-3D2B-41AA-9181-967109D0C8BF}.Release|x64.Build.0 = Release|Any CPU
		{8E77130F-933D-4ACB-BE9F-AB72BBCEF024}.Debug|Any CPU.ActiveCfg = Debug|Any CPU
		{8E77130F-933D-4ACB-BE9F-AB72BBCEF024}.Debug|Any CPU.Build.0 = Debug|Any CPU
		{8E77130F-933D-4ACB-BE9F-AB72BBCEF024}.Debug|x64.ActiveCfg = Debug|Any CPU
		{8E77130F-933D-4ACB-BE9F-AB72BBCEF024}.Debug|x64.Build.0 = Debug|Any CPU
		{8E77130F-933D-4ACB-BE9F-AB72BBCEF024}.Release|Any CPU.ActiveCfg = Release|Any CPU
		{8E77130F-933D-4ACB-BE9F-AB72BBCEF024}.Release|Any CPU.Build.0 = Release|Any CPU
		{8E77130F-933D-4ACB-BE9F-AB72BBCEF024}.Release|x64.ActiveCfg = Release|Any CPU
		{8E77130F-933D-4ACB-BE9F-AB72BBCEF024}.Release|x64.Build.0 = Release|Any CPU
		{65B24EA2-8F03-4BD9-85D8-52DAC4155126}.Debug|Any CPU.ActiveCfg = Debug|Any CPU
		{65B24EA2-8F03-4BD9-85D8-52DAC4155126}.Debug|Any CPU.Build.0 = Debug|Any CPU
		{65B24EA2-8F03-4BD9-85D8-52DAC4155126}.Debug|x64.ActiveCfg = Debug|Any CPU
		{65B24EA2-8F03-4BD9-85D8-52DAC4155126}.Debug|x64.Build.0 = Debug|Any CPU
		{65B24EA2-8F03-4BD9-85D8-52DAC4155126}.Release|Any CPU.ActiveCfg = Release|Any CPU
		{65B24EA2-8F03-4BD9-85D8-52DAC4155126}.Release|Any CPU.Build.0 = Release|Any CPU
		{65B24EA2-8F03-4BD9-85D8-52DAC4155126}.Release|x64.ActiveCfg = Release|Any CPU
		{65B24EA2-8F03-4BD9-85D8-52DAC4155126}.Release|x64.Build.0 = Release|Any CPU
		{F1C1E853-7F6E-4568-92C1-2DD203E8BA1D}.Debug|Any CPU.ActiveCfg = Debug|Any CPU
		{F1C1E853-7F6E-4568-92C1-2DD203E8BA1D}.Debug|Any CPU.Build.0 = Debug|Any CPU
		{F1C1E853-7F6E-4568-92C1-2DD203E8BA1D}.Debug|x64.ActiveCfg = Debug|Any CPU
		{F1C1E853-7F6E-4568-92C1-2DD203E8BA1D}.Debug|x64.Build.0 = Debug|Any CPU
		{F1C1E853-7F6E-4568-92C1-2DD203E8BA1D}.Release|Any CPU.ActiveCfg = Release|Any CPU
		{F1C1E853-7F6E-4568-92C1-2DD203E8BA1D}.Release|Any CPU.Build.0 = Release|Any CPU
		{F1C1E853-7F6E-4568-92C1-2DD203E8BA1D}.Release|x64.ActiveCfg = Release|Any CPU
		{F1C1E853-7F6E-4568-92C1-2DD203E8BA1D}.Release|x64.Build.0 = Release|Any CPU
		{2A0C9667-87CB-4E49-AB24-CFDEEC9902D3}.Debug|Any CPU.ActiveCfg = Debug|Any CPU
		{2A0C9667-87CB-4E49-AB24-CFDEEC9902D3}.Debug|Any CPU.Build.0 = Debug|Any CPU
		{2A0C9667-87CB-4E49-AB24-CFDEEC9902D3}.Debug|x64.ActiveCfg = Debug|Any CPU
		{2A0C9667-87CB-4E49-AB24-CFDEEC9902D3}.Debug|x64.Build.0 = Debug|Any CPU
		{2A0C9667-87CB-4E49-AB24-CFDEEC9902D3}.Release|Any CPU.ActiveCfg = Release|Any CPU
		{2A0C9667-87CB-4E49-AB24-CFDEEC9902D3}.Release|Any CPU.Build.0 = Release|Any CPU
		{2A0C9667-87CB-4E49-AB24-CFDEEC9902D3}.Release|x64.ActiveCfg = Release|Any CPU
		{2A0C9667-87CB-4E49-AB24-CFDEEC9902D3}.Release|x64.Build.0 = Release|Any CPU
		{D3506DD3-E0E2-4757-A826-E84F0C3F0EB3}.Debug|Any CPU.ActiveCfg = Debug|Any CPU
		{D3506DD3-E0E2-4757-A826-E84F0C3F0EB3}.Debug|Any CPU.Build.0 = Debug|Any CPU
		{D3506DD3-E0E2-4757-A826-E84F0C3F0EB3}.Debug|x64.ActiveCfg = Debug|Any CPU
		{D3506DD3-E0E2-4757-A826-E84F0C3F0EB3}.Debug|x64.Build.0 = Debug|Any CPU
		{D3506DD3-E0E2-4757-A826-E84F0C3F0EB3}.Release|Any CPU.ActiveCfg = Release|Any CPU
		{D3506DD3-E0E2-4757-A826-E84F0C3F0EB3}.Release|Any CPU.Build.0 = Release|Any CPU
		{D3506DD3-E0E2-4757-A826-E84F0C3F0EB3}.Release|x64.ActiveCfg = Release|Any CPU
		{D3506DD3-E0E2-4757-A826-E84F0C3F0EB3}.Release|x64.Build.0 = Release|Any CPU
		{808115A6-47C7-42BA-B69A-31E67BB82B36}.Debug|Any CPU.ActiveCfg = Debug|Any CPU
		{808115A6-47C7-42BA-B69A-31E67BB82B36}.Debug|Any CPU.Build.0 = Debug|Any CPU
		{808115A6-47C7-42BA-B69A-31E67BB82B36}.Debug|x64.ActiveCfg = Debug|Any CPU
		{808115A6-47C7-42BA-B69A-31E67BB82B36}.Debug|x64.Build.0 = Debug|Any CPU
		{808115A6-47C7-42BA-B69A-31E67BB82B36}.Release|Any CPU.ActiveCfg = Release|Any CPU
		{808115A6-47C7-42BA-B69A-31E67BB82B36}.Release|Any CPU.Build.0 = Release|Any CPU
		{808115A6-47C7-42BA-B69A-31E67BB82B36}.Release|x64.ActiveCfg = Release|Any CPU
		{808115A6-47C7-42BA-B69A-31E67BB82B36}.Release|x64.Build.0 = Release|Any CPU
		{D0F1982F-A77D-4675-B935-D0D6D50820CF}.Debug|Any CPU.ActiveCfg = Debug|Any CPU
		{D0F1982F-A77D-4675-B935-D0D6D50820CF}.Debug|Any CPU.Build.0 = Debug|Any CPU
		{D0F1982F-A77D-4675-B935-D0D6D50820CF}.Debug|x64.ActiveCfg = Debug|Any CPU
		{D0F1982F-A77D-4675-B935-D0D6D50820CF}.Debug|x64.Build.0 = Debug|Any CPU
		{D0F1982F-A77D-4675-B935-D0D6D50820CF}.Release|Any CPU.ActiveCfg = Release|Any CPU
		{D0F1982F-A77D-4675-B935-D0D6D50820CF}.Release|Any CPU.Build.0 = Release|Any CPU
		{D0F1982F-A77D-4675-B935-D0D6D50820CF}.Release|x64.ActiveCfg = Release|Any CPU
		{D0F1982F-A77D-4675-B935-D0D6D50820CF}.Release|x64.Build.0 = Release|Any CPU
		{CAD6C859-8F5B-447F-92E3-9B8293C24CDE}.Debug|Any CPU.ActiveCfg = Debug|Any CPU
		{CAD6C859-8F5B-447F-92E3-9B8293C24CDE}.Debug|Any CPU.Build.0 = Debug|Any CPU
		{CAD6C859-8F5B-447F-92E3-9B8293C24CDE}.Debug|x64.ActiveCfg = Debug|Any CPU
		{CAD6C859-8F5B-447F-92E3-9B8293C24CDE}.Debug|x64.Build.0 = Debug|Any CPU
		{CAD6C859-8F5B-447F-92E3-9B8293C24CDE}.Release|Any CPU.ActiveCfg = Release|Any CPU
		{CAD6C859-8F5B-447F-92E3-9B8293C24CDE}.Release|Any CPU.Build.0 = Release|Any CPU
		{CAD6C859-8F5B-447F-92E3-9B8293C24CDE}.Release|x64.ActiveCfg = Release|Any CPU
		{CAD6C859-8F5B-447F-92E3-9B8293C24CDE}.Release|x64.Build.0 = Release|Any CPU
		{3C6CF43A-658A-410A-9505-B5B25D194A48}.Debug|Any CPU.ActiveCfg = Debug|Any CPU
		{3C6CF43A-658A-410A-9505-B5B25D194A48}.Debug|Any CPU.Build.0 = Debug|Any CPU
		{3C6CF43A-658A-410A-9505-B5B25D194A48}.Debug|x64.ActiveCfg = Debug|Any CPU
		{3C6CF43A-658A-410A-9505-B5B25D194A48}.Debug|x64.Build.0 = Debug|Any CPU
		{3C6CF43A-658A-410A-9505-B5B25D194A48}.Release|Any CPU.ActiveCfg = Release|Any CPU
		{3C6CF43A-658A-410A-9505-B5B25D194A48}.Release|Any CPU.Build.0 = Release|Any CPU
		{3C6CF43A-658A-410A-9505-B5B25D194A48}.Release|x64.ActiveCfg = Release|Any CPU
		{3C6CF43A-658A-410A-9505-B5B25D194A48}.Release|x64.Build.0 = Release|Any CPU
		{36B9B3B3-B3D2-4436-A77D-ED67C6E39B91}.Debug|Any CPU.ActiveCfg = Debug|Any CPU
		{36B9B3B3-B3D2-4436-A77D-ED67C6E39B91}.Debug|Any CPU.Build.0 = Debug|Any CPU
		{36B9B3B3-B3D2-4436-A77D-ED67C6E39B91}.Debug|x64.ActiveCfg = Debug|Any CPU
		{36B9B3B3-B3D2-4436-A77D-ED67C6E39B91}.Debug|x64.Build.0 = Debug|Any CPU
		{36B9B3B3-B3D2-4436-A77D-ED67C6E39B91}.Release|Any CPU.ActiveCfg = Release|Any CPU
		{36B9B3B3-B3D2-4436-A77D-ED67C6E39B91}.Release|Any CPU.Build.0 = Release|Any CPU
		{36B9B3B3-B3D2-4436-A77D-ED67C6E39B91}.Release|x64.ActiveCfg = Release|Any CPU
		{36B9B3B3-B3D2-4436-A77D-ED67C6E39B91}.Release|x64.Build.0 = Release|Any CPU
		{26C78A4B-9042-45E8-B561-61E159579D15}.Debug|Any CPU.ActiveCfg = Debug|Any CPU
		{26C78A4B-9042-45E8-B561-61E159579D15}.Debug|Any CPU.Build.0 = Debug|Any CPU
		{26C78A4B-9042-45E8-B561-61E159579D15}.Debug|x64.ActiveCfg = Debug|Any CPU
		{26C78A4B-9042-45E8-B561-61E159579D15}.Debug|x64.Build.0 = Debug|Any CPU
		{26C78A4B-9042-45E8-B561-61E159579D15}.Release|Any CPU.ActiveCfg = Release|Any CPU
		{26C78A4B-9042-45E8-B561-61E159579D15}.Release|Any CPU.Build.0 = Release|Any CPU
		{26C78A4B-9042-45E8-B561-61E159579D15}.Release|x64.ActiveCfg = Release|Any CPU
		{26C78A4B-9042-45E8-B561-61E159579D15}.Release|x64.Build.0 = Release|Any CPU
		{D87268D1-F581-43A0-920A-2EA4B56DC617}.Debug|Any CPU.ActiveCfg = Debug|Any CPU
		{D87268D1-F581-43A0-920A-2EA4B56DC617}.Debug|Any CPU.Build.0 = Debug|Any CPU
		{D87268D1-F581-43A0-920A-2EA4B56DC617}.Debug|x64.ActiveCfg = Debug|Any CPU
		{D87268D1-F581-43A0-920A-2EA4B56DC617}.Debug|x64.Build.0 = Debug|Any CPU
		{D87268D1-F581-43A0-920A-2EA4B56DC617}.Release|Any CPU.ActiveCfg = Release|Any CPU
		{D87268D1-F581-43A0-920A-2EA4B56DC617}.Release|Any CPU.Build.0 = Release|Any CPU
		{D87268D1-F581-43A0-920A-2EA4B56DC617}.Release|x64.ActiveCfg = Release|Any CPU
		{D87268D1-F581-43A0-920A-2EA4B56DC617}.Release|x64.Build.0 = Release|Any CPU
		{F5030492-9746-4D59-A8A4-48F0191461D1}.Debug|Any CPU.ActiveCfg = Debug|Any CPU
		{F5030492-9746-4D59-A8A4-48F0191461D1}.Debug|Any CPU.Build.0 = Debug|Any CPU
		{F5030492-9746-4D59-A8A4-48F0191461D1}.Debug|x64.ActiveCfg = Debug|Any CPU
		{F5030492-9746-4D59-A8A4-48F0191461D1}.Debug|x64.Build.0 = Debug|Any CPU
		{F5030492-9746-4D59-A8A4-48F0191461D1}.Release|Any CPU.ActiveCfg = Release|Any CPU
		{F5030492-9746-4D59-A8A4-48F0191461D1}.Release|Any CPU.Build.0 = Release|Any CPU
		{F5030492-9746-4D59-A8A4-48F0191461D1}.Release|x64.ActiveCfg = Release|Any CPU
		{F5030492-9746-4D59-A8A4-48F0191461D1}.Release|x64.Build.0 = Release|Any CPU
		{674B35B1-9B76-4AF3-BB8A-01B9D7235B84}.Debug|Any CPU.ActiveCfg = Debug|Any CPU
		{674B35B1-9B76-4AF3-BB8A-01B9D7235B84}.Debug|Any CPU.Build.0 = Debug|Any CPU
		{674B35B1-9B76-4AF3-BB8A-01B9D7235B84}.Debug|x64.ActiveCfg = Debug|Any CPU
		{674B35B1-9B76-4AF3-BB8A-01B9D7235B84}.Debug|x64.Build.0 = Debug|Any CPU
		{674B35B1-9B76-4AF3-BB8A-01B9D7235B84}.Release|Any CPU.ActiveCfg = Release|Any CPU
		{674B35B1-9B76-4AF3-BB8A-01B9D7235B84}.Release|Any CPU.Build.0 = Release|Any CPU
		{674B35B1-9B76-4AF3-BB8A-01B9D7235B84}.Release|x64.ActiveCfg = Release|Any CPU
		{674B35B1-9B76-4AF3-BB8A-01B9D7235B84}.Release|x64.Build.0 = Release|Any CPU
		{8E6C2F9F-B54A-4B3B-97BE-032C92199073}.Debug|Any CPU.ActiveCfg = Debug|Any CPU
		{8E6C2F9F-B54A-4B3B-97BE-032C92199073}.Debug|Any CPU.Build.0 = Debug|Any CPU
		{8E6C2F9F-B54A-4B3B-97BE-032C92199073}.Debug|x64.ActiveCfg = Debug|Any CPU
		{8E6C2F9F-B54A-4B3B-97BE-032C92199073}.Debug|x64.Build.0 = Debug|Any CPU
		{8E6C2F9F-B54A-4B3B-97BE-032C92199073}.Release|Any CPU.ActiveCfg = Release|Any CPU
		{8E6C2F9F-B54A-4B3B-97BE-032C92199073}.Release|Any CPU.Build.0 = Release|Any CPU
		{8E6C2F9F-B54A-4B3B-97BE-032C92199073}.Release|x64.ActiveCfg = Release|Any CPU
		{8E6C2F9F-B54A-4B3B-97BE-032C92199073}.Release|x64.Build.0 = Release|Any CPU
		{E72DC186-4B79-498D-941C-47FE70EA9B16}.Debug|Any CPU.ActiveCfg = Debug|Any CPU
		{E72DC186-4B79-498D-941C-47FE70EA9B16}.Debug|Any CPU.Build.0 = Debug|Any CPU
		{E72DC186-4B79-498D-941C-47FE70EA9B16}.Debug|x64.ActiveCfg = Debug|Any CPU
		{E72DC186-4B79-498D-941C-47FE70EA9B16}.Debug|x64.Build.0 = Debug|Any CPU
		{E72DC186-4B79-498D-941C-47FE70EA9B16}.Release|Any CPU.ActiveCfg = Release|Any CPU
		{E72DC186-4B79-498D-941C-47FE70EA9B16}.Release|Any CPU.Build.0 = Release|Any CPU
		{E72DC186-4B79-498D-941C-47FE70EA9B16}.Release|x64.ActiveCfg = Release|Any CPU
		{E72DC186-4B79-498D-941C-47FE70EA9B16}.Release|x64.Build.0 = Release|Any CPU
		{E7EDA797-77F2-46F3-BB04-1D8CFD1B0DCF}.Debug|Any CPU.ActiveCfg = Debug|Any CPU
		{E7EDA797-77F2-46F3-BB04-1D8CFD1B0DCF}.Debug|Any CPU.Build.0 = Debug|Any CPU
		{E7EDA797-77F2-46F3-BB04-1D8CFD1B0DCF}.Debug|x64.ActiveCfg = Debug|Any CPU
		{E7EDA797-77F2-46F3-BB04-1D8CFD1B0DCF}.Debug|x64.Build.0 = Debug|Any CPU
		{E7EDA797-77F2-46F3-BB04-1D8CFD1B0DCF}.Release|Any CPU.ActiveCfg = Release|Any CPU
		{E7EDA797-77F2-46F3-BB04-1D8CFD1B0DCF}.Release|Any CPU.Build.0 = Release|Any CPU
		{E7EDA797-77F2-46F3-BB04-1D8CFD1B0DCF}.Release|x64.ActiveCfg = Release|Any CPU
		{E7EDA797-77F2-46F3-BB04-1D8CFD1B0DCF}.Release|x64.Build.0 = Release|Any CPU
		{39CF8452-4077-4227-8C42-77EBE284C77B}.Debug|Any CPU.ActiveCfg = Debug|Any CPU
		{39CF8452-4077-4227-8C42-77EBE284C77B}.Debug|Any CPU.Build.0 = Debug|Any CPU
		{39CF8452-4077-4227-8C42-77EBE284C77B}.Debug|x64.ActiveCfg = Debug|Any CPU
		{39CF8452-4077-4227-8C42-77EBE284C77B}.Debug|x64.Build.0 = Debug|Any CPU
		{39CF8452-4077-4227-8C42-77EBE284C77B}.Release|Any CPU.ActiveCfg = Release|Any CPU
		{39CF8452-4077-4227-8C42-77EBE284C77B}.Release|Any CPU.Build.0 = Release|Any CPU
		{39CF8452-4077-4227-8C42-77EBE284C77B}.Release|x64.ActiveCfg = Release|Any CPU
		{39CF8452-4077-4227-8C42-77EBE284C77B}.Release|x64.Build.0 = Release|Any CPU
		{B0C7438E-C298-49B2-A247-1DB59EF08984}.Debug|Any CPU.ActiveCfg = Debug|Any CPU
		{B0C7438E-C298-49B2-A247-1DB59EF08984}.Debug|Any CPU.Build.0 = Debug|Any CPU
		{B0C7438E-C298-49B2-A247-1DB59EF08984}.Debug|x64.ActiveCfg = Debug|Any CPU
		{B0C7438E-C298-49B2-A247-1DB59EF08984}.Debug|x64.Build.0 = Debug|Any CPU
		{B0C7438E-C298-49B2-A247-1DB59EF08984}.Release|Any CPU.ActiveCfg = Release|Any CPU
		{B0C7438E-C298-49B2-A247-1DB59EF08984}.Release|Any CPU.Build.0 = Release|Any CPU
		{B0C7438E-C298-49B2-A247-1DB59EF08984}.Release|x64.ActiveCfg = Release|Any CPU
		{B0C7438E-C298-49B2-A247-1DB59EF08984}.Release|x64.Build.0 = Release|Any CPU
		{AAD3EA57-52BD-44DD-B2CB-E6B8855A4D15}.Debug|Any CPU.ActiveCfg = Debug|Any CPU
		{AAD3EA57-52BD-44DD-B2CB-E6B8855A4D15}.Debug|Any CPU.Build.0 = Debug|Any CPU
		{AAD3EA57-52BD-44DD-B2CB-E6B8855A4D15}.Debug|x64.ActiveCfg = Debug|Any CPU
		{AAD3EA57-52BD-44DD-B2CB-E6B8855A4D15}.Debug|x64.Build.0 = Debug|Any CPU
		{AAD3EA57-52BD-44DD-B2CB-E6B8855A4D15}.Release|Any CPU.ActiveCfg = Release|Any CPU
		{AAD3EA57-52BD-44DD-B2CB-E6B8855A4D15}.Release|Any CPU.Build.0 = Release|Any CPU
		{AAD3EA57-52BD-44DD-B2CB-E6B8855A4D15}.Release|x64.ActiveCfg = Release|Any CPU
		{AAD3EA57-52BD-44DD-B2CB-E6B8855A4D15}.Release|x64.Build.0 = Release|Any CPU
		{36216ED9-9429-4C05-8155-7CC2B77E43BB}.Debug|Any CPU.ActiveCfg = Debug|Any CPU
		{36216ED9-9429-4C05-8155-7CC2B77E43BB}.Debug|Any CPU.Build.0 = Debug|Any CPU
		{36216ED9-9429-4C05-8155-7CC2B77E43BB}.Debug|x64.ActiveCfg = Debug|Any CPU
		{36216ED9-9429-4C05-8155-7CC2B77E43BB}.Debug|x64.Build.0 = Debug|Any CPU
		{36216ED9-9429-4C05-8155-7CC2B77E43BB}.Release|Any CPU.ActiveCfg = Release|Any CPU
		{36216ED9-9429-4C05-8155-7CC2B77E43BB}.Release|Any CPU.Build.0 = Release|Any CPU
		{36216ED9-9429-4C05-8155-7CC2B77E43BB}.Release|x64.ActiveCfg = Release|Any CPU
		{36216ED9-9429-4C05-8155-7CC2B77E43BB}.Release|x64.Build.0 = Release|Any CPU
		{882A8766-6C25-460A-9FA7-127F89C19CEF}.Debug|Any CPU.ActiveCfg = Debug|Any CPU
		{882A8766-6C25-460A-9FA7-127F89C19CEF}.Debug|Any CPU.Build.0 = Debug|Any CPU
		{882A8766-6C25-460A-9FA7-127F89C19CEF}.Debug|x64.ActiveCfg = Debug|Any CPU
		{882A8766-6C25-460A-9FA7-127F89C19CEF}.Debug|x64.Build.0 = Debug|Any CPU
		{882A8766-6C25-460A-9FA7-127F89C19CEF}.Release|Any CPU.ActiveCfg = Release|Any CPU
		{882A8766-6C25-460A-9FA7-127F89C19CEF}.Release|Any CPU.Build.0 = Release|Any CPU
		{882A8766-6C25-460A-9FA7-127F89C19CEF}.Release|x64.ActiveCfg = Release|Any CPU
		{882A8766-6C25-460A-9FA7-127F89C19CEF}.Release|x64.Build.0 = Release|Any CPU
		{16744694-9510-4A4B-833B-8AFC2370133D}.Debug|Any CPU.ActiveCfg = Debug|Any CPU
		{16744694-9510-4A4B-833B-8AFC2370133D}.Debug|Any CPU.Build.0 = Debug|Any CPU
		{16744694-9510-4A4B-833B-8AFC2370133D}.Debug|x64.ActiveCfg = Debug|Any CPU
		{16744694-9510-4A4B-833B-8AFC2370133D}.Debug|x64.Build.0 = Debug|Any CPU
		{16744694-9510-4A4B-833B-8AFC2370133D}.Release|Any CPU.ActiveCfg = Release|Any CPU
		{16744694-9510-4A4B-833B-8AFC2370133D}.Release|Any CPU.Build.0 = Release|Any CPU
		{16744694-9510-4A4B-833B-8AFC2370133D}.Release|x64.ActiveCfg = Release|Any CPU
		{16744694-9510-4A4B-833B-8AFC2370133D}.Release|x64.Build.0 = Release|Any CPU
		{E9D2F803-B084-49A8-A88F-4B73707B9561}.Debug|Any CPU.ActiveCfg = Debug|Any CPU
		{E9D2F803-B084-49A8-A88F-4B73707B9561}.Debug|Any CPU.Build.0 = Debug|Any CPU
		{E9D2F803-B084-49A8-A88F-4B73707B9561}.Debug|x64.ActiveCfg = Debug|Any CPU
		{E9D2F803-B084-49A8-A88F-4B73707B9561}.Debug|x64.Build.0 = Debug|Any CPU
		{E9D2F803-B084-49A8-A88F-4B73707B9561}.Release|Any CPU.ActiveCfg = Release|Any CPU
		{E9D2F803-B084-49A8-A88F-4B73707B9561}.Release|Any CPU.Build.0 = Release|Any CPU
		{E9D2F803-B084-49A8-A88F-4B73707B9561}.Release|x64.ActiveCfg = Release|Any CPU
		{E9D2F803-B084-49A8-A88F-4B73707B9561}.Release|x64.Build.0 = Release|Any CPU
		{69EC61CA-2B22-4C45-9DB5-DFD936329CC7}.Debug|Any CPU.ActiveCfg = Debug|Any CPU
		{69EC61CA-2B22-4C45-9DB5-DFD936329CC7}.Debug|Any CPU.Build.0 = Debug|Any CPU
		{69EC61CA-2B22-4C45-9DB5-DFD936329CC7}.Debug|x64.ActiveCfg = Debug|Any CPU
		{69EC61CA-2B22-4C45-9DB5-DFD936329CC7}.Debug|x64.Build.0 = Debug|Any CPU
		{69EC61CA-2B22-4C45-9DB5-DFD936329CC7}.Release|Any CPU.ActiveCfg = Release|Any CPU
		{69EC61CA-2B22-4C45-9DB5-DFD936329CC7}.Release|Any CPU.Build.0 = Release|Any CPU
		{69EC61CA-2B22-4C45-9DB5-DFD936329CC7}.Release|x64.ActiveCfg = Release|Any CPU
		{69EC61CA-2B22-4C45-9DB5-DFD936329CC7}.Release|x64.Build.0 = Release|Any CPU
		{D69830DA-9587-422A-996C-D82475FF55E1}.Debug|Any CPU.ActiveCfg = Debug|Any CPU
		{D69830DA-9587-422A-996C-D82475FF55E1}.Debug|Any CPU.Build.0 = Debug|Any CPU
		{D69830DA-9587-422A-996C-D82475FF55E1}.Debug|x64.ActiveCfg = Debug|Any CPU
		{D69830DA-9587-422A-996C-D82475FF55E1}.Debug|x64.Build.0 = Debug|Any CPU
		{D69830DA-9587-422A-996C-D82475FF55E1}.Release|Any CPU.ActiveCfg = Release|Any CPU
		{D69830DA-9587-422A-996C-D82475FF55E1}.Release|Any CPU.Build.0 = Release|Any CPU
		{D69830DA-9587-422A-996C-D82475FF55E1}.Release|x64.ActiveCfg = Release|Any CPU
		{D69830DA-9587-422A-996C-D82475FF55E1}.Release|x64.Build.0 = Release|Any CPU
		{D23A2750-A55E-46E6-BC1F-8E3EB24C34B3}.Debug|Any CPU.ActiveCfg = Debug|Any CPU
		{D23A2750-A55E-46E6-BC1F-8E3EB24C34B3}.Debug|Any CPU.Build.0 = Debug|Any CPU
		{D23A2750-A55E-46E6-BC1F-8E3EB24C34B3}.Debug|x64.ActiveCfg = Debug|Any CPU
		{D23A2750-A55E-46E6-BC1F-8E3EB24C34B3}.Debug|x64.Build.0 = Debug|Any CPU
		{D23A2750-A55E-46E6-BC1F-8E3EB24C34B3}.Release|Any CPU.ActiveCfg = Release|Any CPU
		{D23A2750-A55E-46E6-BC1F-8E3EB24C34B3}.Release|Any CPU.Build.0 = Release|Any CPU
		{D23A2750-A55E-46E6-BC1F-8E3EB24C34B3}.Release|x64.ActiveCfg = Release|Any CPU
		{D23A2750-A55E-46E6-BC1F-8E3EB24C34B3}.Release|x64.Build.0 = Release|Any CPU
		{6C078E1A-7C2F-4D54-B529-B073B312AFD1}.Debug|Any CPU.ActiveCfg = Debug|Any CPU
		{6C078E1A-7C2F-4D54-B529-B073B312AFD1}.Debug|Any CPU.Build.0 = Debug|Any CPU
		{6C078E1A-7C2F-4D54-B529-B073B312AFD1}.Debug|x64.ActiveCfg = Debug|Any CPU
		{6C078E1A-7C2F-4D54-B529-B073B312AFD1}.Debug|x64.Build.0 = Debug|Any CPU
		{6C078E1A-7C2F-4D54-B529-B073B312AFD1}.Release|Any CPU.ActiveCfg = Release|Any CPU
		{6C078E1A-7C2F-4D54-B529-B073B312AFD1}.Release|Any CPU.Build.0 = Release|Any CPU
		{6C078E1A-7C2F-4D54-B529-B073B312AFD1}.Release|x64.ActiveCfg = Release|Any CPU
		{6C078E1A-7C2F-4D54-B529-B073B312AFD1}.Release|x64.Build.0 = Release|Any CPU
		{9D258EB6-E95A-4197-B4DC-B31CC92A77E6}.Debug|Any CPU.ActiveCfg = Debug|Any CPU
		{9D258EB6-E95A-4197-B4DC-B31CC92A77E6}.Debug|Any CPU.Build.0 = Debug|Any CPU
		{9D258EB6-E95A-4197-B4DC-B31CC92A77E6}.Debug|x64.ActiveCfg = Debug|Any CPU
		{9D258EB6-E95A-4197-B4DC-B31CC92A77E6}.Debug|x64.Build.0 = Debug|Any CPU
		{9D258EB6-E95A-4197-B4DC-B31CC92A77E6}.Release|Any CPU.ActiveCfg = Release|Any CPU
		{9D258EB6-E95A-4197-B4DC-B31CC92A77E6}.Release|Any CPU.Build.0 = Release|Any CPU
		{9D258EB6-E95A-4197-B4DC-B31CC92A77E6}.Release|x64.ActiveCfg = Release|Any CPU
		{9D258EB6-E95A-4197-B4DC-B31CC92A77E6}.Release|x64.Build.0 = Release|Any CPU
		{9CFBA226-7A38-4387-8E67-09EDA142C421}.Debug|Any CPU.ActiveCfg = Debug|Any CPU
		{9CFBA226-7A38-4387-8E67-09EDA142C421}.Debug|Any CPU.Build.0 = Debug|Any CPU
		{9CFBA226-7A38-4387-8E67-09EDA142C421}.Debug|x64.ActiveCfg = Debug|Any CPU
		{9CFBA226-7A38-4387-8E67-09EDA142C421}.Debug|x64.Build.0 = Debug|Any CPU
		{9CFBA226-7A38-4387-8E67-09EDA142C421}.Release|Any CPU.ActiveCfg = Release|Any CPU
		{9CFBA226-7A38-4387-8E67-09EDA142C421}.Release|Any CPU.Build.0 = Release|Any CPU
		{9CFBA226-7A38-4387-8E67-09EDA142C421}.Release|x64.ActiveCfg = Release|Any CPU
		{9CFBA226-7A38-4387-8E67-09EDA142C421}.Release|x64.Build.0 = Release|Any CPU
		{495BBF06-7DE9-4FE8-BDA4-91F2D4B6AC23}.Debug|Any CPU.ActiveCfg = Debug|Any CPU
		{495BBF06-7DE9-4FE8-BDA4-91F2D4B6AC23}.Debug|Any CPU.Build.0 = Debug|Any CPU
		{495BBF06-7DE9-4FE8-BDA4-91F2D4B6AC23}.Debug|x64.ActiveCfg = Debug|Any CPU
		{495BBF06-7DE9-4FE8-BDA4-91F2D4B6AC23}.Debug|x64.Build.0 = Debug|Any CPU
		{495BBF06-7DE9-4FE8-BDA4-91F2D4B6AC23}.Release|Any CPU.ActiveCfg = Release|Any CPU
		{495BBF06-7DE9-4FE8-BDA4-91F2D4B6AC23}.Release|Any CPU.Build.0 = Release|Any CPU
		{495BBF06-7DE9-4FE8-BDA4-91F2D4B6AC23}.Release|x64.ActiveCfg = Release|Any CPU
		{495BBF06-7DE9-4FE8-BDA4-91F2D4B6AC23}.Release|x64.Build.0 = Release|Any CPU
		{AE9CCC9D-86F3-4A49-825F-464856E4B4D8}.Debug|Any CPU.ActiveCfg = Debug|Any CPU
		{AE9CCC9D-86F3-4A49-825F-464856E4B4D8}.Debug|Any CPU.Build.0 = Debug|Any CPU
		{AE9CCC9D-86F3-4A49-825F-464856E4B4D8}.Debug|x64.ActiveCfg = Debug|Any CPU
		{AE9CCC9D-86F3-4A49-825F-464856E4B4D8}.Debug|x64.Build.0 = Debug|Any CPU
		{AE9CCC9D-86F3-4A49-825F-464856E4B4D8}.Release|Any CPU.ActiveCfg = Release|Any CPU
		{AE9CCC9D-86F3-4A49-825F-464856E4B4D8}.Release|Any CPU.Build.0 = Release|Any CPU
		{AE9CCC9D-86F3-4A49-825F-464856E4B4D8}.Release|x64.ActiveCfg = Release|Any CPU
		{AE9CCC9D-86F3-4A49-825F-464856E4B4D8}.Release|x64.Build.0 = Release|Any CPU
		{82680952-22E9-43A7-A4AF-1E9A0FF2AA13}.Debug|Any CPU.ActiveCfg = Debug|Any CPU
		{82680952-22E9-43A7-A4AF-1E9A0FF2AA13}.Debug|Any CPU.Build.0 = Debug|Any CPU
		{82680952-22E9-43A7-A4AF-1E9A0FF2AA13}.Debug|x64.ActiveCfg = Debug|Any CPU
		{82680952-22E9-43A7-A4AF-1E9A0FF2AA13}.Debug|x64.Build.0 = Debug|Any CPU
		{82680952-22E9-43A7-A4AF-1E9A0FF2AA13}.Release|Any CPU.ActiveCfg = Release|Any CPU
		{82680952-22E9-43A7-A4AF-1E9A0FF2AA13}.Release|Any CPU.Build.0 = Release|Any CPU
		{82680952-22E9-43A7-A4AF-1E9A0FF2AA13}.Release|x64.ActiveCfg = Release|Any CPU
		{82680952-22E9-43A7-A4AF-1E9A0FF2AA13}.Release|x64.Build.0 = Release|Any CPU
		{2D07530F-C260-4610-B5CD-51BB51D47F7C}.Debug|Any CPU.ActiveCfg = Debug|Any CPU
		{2D07530F-C260-4610-B5CD-51BB51D47F7C}.Debug|Any CPU.Build.0 = Debug|Any CPU
		{2D07530F-C260-4610-B5CD-51BB51D47F7C}.Debug|x64.ActiveCfg = Debug|Any CPU
		{2D07530F-C260-4610-B5CD-51BB51D47F7C}.Debug|x64.Build.0 = Debug|Any CPU
		{2D07530F-C260-4610-B5CD-51BB51D47F7C}.Release|Any CPU.ActiveCfg = Release|Any CPU
		{2D07530F-C260-4610-B5CD-51BB51D47F7C}.Release|Any CPU.Build.0 = Release|Any CPU
		{2D07530F-C260-4610-B5CD-51BB51D47F7C}.Release|x64.ActiveCfg = Release|Any CPU
		{2D07530F-C260-4610-B5CD-51BB51D47F7C}.Release|x64.Build.0 = Release|Any CPU
	EndGlobalSection
	GlobalSection(SolutionProperties) = preSolution
		HideSolutionNode = FALSE
	EndGlobalSection
	GlobalSection(NestedProjects) = preSolution
		{DC90155D-CBAB-4423-8C3A-D71D3636AEA0} = {42D0F37F-CFC3-4F54-B81D-1BB0C8C4A52E}
		{AFA674BA-0F51-409B-B511-1093D1C512E3} = {42D0F37F-CFC3-4F54-B81D-1BB0C8C4A52E}
		{F9ADD2CC-1C8B-425B-80D9-A4BDB8B4E407} = {42D0F37F-CFC3-4F54-B81D-1BB0C8C4A52E}
		{BA8A4B5C-6487-4A30-9966-AA05B48993B6} = {42D0F37F-CFC3-4F54-B81D-1BB0C8C4A52E}
		{16D96C87-65B0-482F-BAC2-DDA3E7534D3F} = {42D0F37F-CFC3-4F54-B81D-1BB0C8C4A52E}
		{BCF280DD-44B5-4F9D-BEE1-DF52551B01B9} = {5BF8E7F4-7FA3-48E4-BA5B-656243573F90}
		{E5423070-5F75-4573-A329-CDC60C7DB169} = {5BF8E7F4-7FA3-48E4-BA5B-656243573F90}
		{273A419F-4379-4F84-8C24-B9A317E12636} = {93C71E15-E13A-4BE5-9715-4EE84EC0ED55}
		{F713068B-A872-4B23-9F96-853BB891AF5B} = {273A419F-4379-4F84-8C24-B9A317E12636}
		{1BA75442-F3C1-41B5-A933-190406C2D7AF} = {273A419F-4379-4F84-8C24-B9A317E12636}
		{D3884538-0DAB-49DA-8229-A6B6323FDADC} = {93C71E15-E13A-4BE5-9715-4EE84EC0ED55}
		{31F7006D-C741-48D4-B496-AC6D015A9552} = {42D0F37F-CFC3-4F54-B81D-1BB0C8C4A52E}
		{CEE7B4D7-6126-4F6F-BE40-A06C881CDDF7} = {93C71E15-E13A-4BE5-9715-4EE84EC0ED55}
		{605E8937-36F4-4F05-9FC7-030AE98AF88B} = {93C71E15-E13A-4BE5-9715-4EE84EC0ED55}
		{3076F885-CDCE-4D23-BD24-0D82FF63D37B} = {93C71E15-E13A-4BE5-9715-4EE84EC0ED55}
		{BE80CC66-3D2B-41AA-9181-967109D0C8BF} = {93C71E15-E13A-4BE5-9715-4EE84EC0ED55}
		{8E77130F-933D-4ACB-BE9F-AB72BBCEF024} = {42D0F37F-CFC3-4F54-B81D-1BB0C8C4A52E}
		{65B24EA2-8F03-4BD9-85D8-52DAC4155126} = {42D0F37F-CFC3-4F54-B81D-1BB0C8C4A52E}
		{F1C1E853-7F6E-4568-92C1-2DD203E8BA1D} = {93C71E15-E13A-4BE5-9715-4EE84EC0ED55}
		{2A0C9667-87CB-4E49-AB24-CFDEEC9902D3} = {93C71E15-E13A-4BE5-9715-4EE84EC0ED55}
		{D3506DD3-E0E2-4757-A826-E84F0C3F0EB3} = {42D0F37F-CFC3-4F54-B81D-1BB0C8C4A52E}
		{808115A6-47C7-42BA-B69A-31E67BB82B36} = {42D0F37F-CFC3-4F54-B81D-1BB0C8C4A52E}
		{D0F1982F-A77D-4675-B935-D0D6D50820CF} = {93C71E15-E13A-4BE5-9715-4EE84EC0ED55}
		{CAD6C859-8F5B-447F-92E3-9B8293C24CDE} = {42D0F37F-CFC3-4F54-B81D-1BB0C8C4A52E}
		{3C6CF43A-658A-410A-9505-B5B25D194A48} = {93C71E15-E13A-4BE5-9715-4EE84EC0ED55}
		{36B9B3B3-B3D2-4436-A77D-ED67C6E39B91} = {42D0F37F-CFC3-4F54-B81D-1BB0C8C4A52E}
		{26C78A4B-9042-45E8-B561-61E159579D15} = {93C71E15-E13A-4BE5-9715-4EE84EC0ED55}
		{D87268D1-F581-43A0-920A-2EA4B56DC617} = {42D0F37F-CFC3-4F54-B81D-1BB0C8C4A52E}
		{F5030492-9746-4D59-A8A4-48F0191461D1} = {93C71E15-E13A-4BE5-9715-4EE84EC0ED55}
		{674B35B1-9B76-4AF3-BB8A-01B9D7235B84} = {42D0F37F-CFC3-4F54-B81D-1BB0C8C4A52E}
		{8E6C2F9F-B54A-4B3B-97BE-032C92199073} = {93C71E15-E13A-4BE5-9715-4EE84EC0ED55}
		{E72DC186-4B79-498D-941C-47FE70EA9B16} = {42D0F37F-CFC3-4F54-B81D-1BB0C8C4A52E}
		{E7EDA797-77F2-46F3-BB04-1D8CFD1B0DCF} = {93C71E15-E13A-4BE5-9715-4EE84EC0ED55}
		{39CF8452-4077-4227-8C42-77EBE284C77B} = {42D0F37F-CFC3-4F54-B81D-1BB0C8C4A52E}
		{B0C7438E-C298-49B2-A247-1DB59EF08984} = {93C71E15-E13A-4BE5-9715-4EE84EC0ED55}
		{AAD3EA57-52BD-44DD-B2CB-E6B8855A4D15} = {42D0F37F-CFC3-4F54-B81D-1BB0C8C4A52E}
		{36216ED9-9429-4C05-8155-7CC2B77E43BB} = {93C71E15-E13A-4BE5-9715-4EE84EC0ED55}
		{882A8766-6C25-460A-9FA7-127F89C19CEF} = {42D0F37F-CFC3-4F54-B81D-1BB0C8C4A52E}
		{16744694-9510-4A4B-833B-8AFC2370133D} = {42D0F37F-CFC3-4F54-B81D-1BB0C8C4A52E}
		{E9D2F803-B084-49A8-A88F-4B73707B9561} = {93C71E15-E13A-4BE5-9715-4EE84EC0ED55}
		{69EC61CA-2B22-4C45-9DB5-DFD936329CC7} = {42D0F37F-CFC3-4F54-B81D-1BB0C8C4A52E}
		{D69830DA-9587-422A-996C-D82475FF55E1} = {93C71E15-E13A-4BE5-9715-4EE84EC0ED55}
		{D23A2750-A55E-46E6-BC1F-8E3EB24C34B3} = {42D0F37F-CFC3-4F54-B81D-1BB0C8C4A52E}
		{6C078E1A-7C2F-4D54-B529-B073B312AFD1} = {93C71E15-E13A-4BE5-9715-4EE84EC0ED55}
		{9D258EB6-E95A-4197-B4DC-B31CC92A77E6} = {42D0F37F-CFC3-4F54-B81D-1BB0C8C4A52E}
		{9CFBA226-7A38-4387-8E67-09EDA142C421} = {93C71E15-E13A-4BE5-9715-4EE84EC0ED55}
		{495BBF06-7DE9-4FE8-BDA4-91F2D4B6AC23} = {42D0F37F-CFC3-4F54-B81D-1BB0C8C4A52E}
		{AE9CCC9D-86F3-4A49-825F-464856E4B4D8} = {93C71E15-E13A-4BE5-9715-4EE84EC0ED55}
		{82680952-22E9-43A7-A4AF-1E9A0FF2AA13} = {42D0F37F-CFC3-4F54-B81D-1BB0C8C4A52E}
		{2D07530F-C260-4610-B5CD-51BB51D47F7C} = {93C71E15-E13A-4BE5-9715-4EE84EC0ED55}
	EndGlobalSection
	GlobalSection(ExtensibilityGlobals) = postSolution
		SolutionGuid = {79D41672-E48C-4C51-9B21-DFDAA70ACDE7}
	EndGlobalSection
EndGlobal
